
Microsoft Visual Studio Solution File, Format Version 12.00
# Visual Studio Version 17
VisualStudioVersion = 17.8.34309.116
MinimumVisualStudioVersion = 10.0.40219.1
Project("{FAE04EC0-301F-11D3-BF4B-00C04F79EFBC}") = "HW_CSharp_3.5", "HW_CSharp_3.5.csproj", "{D4A33418-A5CA-4E20-8BD8-239BB18C6594}"
EndProject
Global
	GlobalSection(SolutionConfigurationPlatforms) = preSolution
		Debug|Any CPU = Debug|Any CPU
		Release|Any CPU = Release|Any CPU
	EndGlobalSection
	GlobalSection(ProjectConfigurationPlatforms) = postSolution
		{D4A33418-A5CA-4E20-8BD8-239BB18C6594}.Debug|Any CPU.ActiveCfg = Debug|Any CPU
		{D4A33418-A5CA-4E20-8BD8-239BB18C6594}.Debug|Any CPU.Build.0 = Debug|Any CPU
		{D4A33418-A5CA-4E20-8BD8-239BB18C6594}.Release|Any CPU.ActiveCfg = Release|Any CPU
		{D4A33418-A5CA-4E20-8BD8-239BB18C6594}.Release|Any CPU.Build.0 = Release|Any CPU
	EndGlobalSection
	GlobalSection(SolutionProperties) = preSolution
		HideSolutionNode = FALSE
	EndGlobalSection
	GlobalSection(ExtensibilityGlobals) = postSolution
		SolutionGuid = {38DB31D1-A274-42BE-B437-8329C24E21FA}
	EndGlobalSection
EndGlobal
